
Microsoft Visual Studio Solution File, Format Version 12.00
# Visual Studio Version 17
VisualStudioVersion = 17.7.34031.279
MinimumVisualStudioVersion = 10.0.40219.1
Project("{8BC9CEB8-8B4A-11D0-8D11-00A0C91BC942}") = "Course Work", "Course Work\Course Work.vcxproj", "{3B181BAD-BC4F-4E66-8F4C-622B29B71021}"
EndProject
Global
	GlobalSection(SolutionConfigurationPlatforms) = preSolution
		Debug|x64 = Debug|x64
		Debug|x86 = Debug|x86
		Release|x64 = Release|x64
		Release|x86 = Release|x86
	EndGlobalSection
	GlobalSection(ProjectConfigurationPlatforms) = postSolution
		{3B181BAD-BC4F-4E66-8F4C-622B29B71021}.Debug|x64.ActiveCfg = Debug|x64
		{3B181BAD-BC4F-4E66-8F4C-622B29B71021}.Debug|x64.Build.0 = Debug|x64
		{3B181BAD-BC4F-4E66-8F4C-622B29B71021}.Debug|x86.ActiveCfg = Debug|Win32
		{3B181BAD-BC4F-4E66-8F4C-622B29B71021}.Debug|x86.Build.0 = Debug|Win32
		{3B181BAD-BC4F-4E66-8F4C-622B29B71021}.Release|x64.ActiveCfg = Release|x64
		{3B181BAD-BC4F-4E66-8F4C-622B29B71021}.Release|x64.Build.0 = Release|x64
		{3B181BAD-BC4F-4E66-8F4C-622B29B71021}.Release|x86.ActiveCfg = Release|Win32
		{3B181BAD-BC4F-4E66-8F4C-622B29B71021}.Release|x86.Build.0 = Release|Win32
	EndGlobalSection
	GlobalSection(SolutionProperties) = preSolution
		HideSolutionNode = FALSE
	EndGlobalSection
	GlobalSection(ExtensibilityGlobals) = postSolution
		SolutionGuid = {367C13BC-A7D1-4A3F-941C-85D93A4BF2B2}
	EndGlobalSection
EndGlobal
